
Microsoft Visual Studio Solution File, Format Version 12.00
# Visual Studio Version 17
VisualStudioVersion = 17.4.33205.214
MinimumVisualStudioVersion = 10.0.40219.1
Project("{FAE04EC0-301F-11D3-BF4B-00C04F79EFBC}") = "OrderingPlatform", "OrderingPlatform.csproj", "{8F775CFE-716C-463C-9389-F7812AB0042B}"
EndProject
Global
	GlobalSection(SolutionConfigurationPlatforms) = preSolution
		Debug|Any CPU = Debug|Any CPU
		Release|Any CPU = Release|Any CPU
	EndGlobalSection
	GlobalSection(ProjectConfigurationPlatforms) = postSolution
		{8F775CFE-716C-463C-9389-F7812AB0042B}.Debug|Any CPU.ActiveCfg = Debug|Any CPU
		{8F775CFE-716C-463C-9389-F7812AB0042B}.Debug|Any CPU.Build.0 = Debug|Any CPU
		{8F775CFE-716C-463C-9389-F7812AB0042B}.Release|Any CPU.ActiveCfg = Release|Any CPU
		{8F775CFE-716C-463C-9389-F7812AB0042B}.Release|Any CPU.Build.0 = Release|Any CPU
	EndGlobalSection
	GlobalSection(SolutionProperties) = preSolution
		HideSolutionNode = FALSE
	EndGlobalSection
	GlobalSection(ExtensibilityGlobals) = postSolution
		SolutionGuid = {0E0336A7-A960-4CB9-9E95-E59FB447171E}
	EndGlobalSection
EndGlobal
